
Microsoft Visual Studio Solution File, Format Version 12.00
# Visual Studio 2013
VisualStudioVersion = 12.0.30501.0
MinimumVisualStudioVersion = 10.0.40219.1
Project("{FAE04EC0-301F-11D3-BF4B-00C04F79EFBC}") = "Alfursan.Repository", "Alfursan.Repository\Alfursan.Repository.csproj", "{C31A5470-256F-4804-AC0C-718A6A58FDC5}"
EndProject
Project("{FAE04EC0-301F-11D3-BF4B-00C04F79EFBC}") = "Alfursan.Infrastructure", "Alfursan.Infrastructure\Alfursan.Infrastructure.csproj", "{2F861CF7-A3E9-48F2-965D-E4DE30EC30BE}"
EndProject
Project("{FAE04EC0-301F-11D3-BF4B-00C04F79EFBC}") = "Alfursan.IRepository", "Alfursan.IRepository\Alfursan.IRepository.csproj", "{4E9341AF-FF94-4FD3-B967-1EFF9CD402AA}"
EndProject
Project("{FAE04EC0-301F-11D3-BF4B-00C04F79EFBC}") = "Alfursan.IService", "Alfursan.IService\Alfursan.IService.csproj", "{7B975A6D-E859-4010-95D8-D6CFC7199FFC}"
EndProject
Project("{FAE04EC0-301F-11D3-BF4B-00C04F79EFBC}") = "Alfursan.Domain", "Alfursan.Domain\Alfursan.Domain.csproj", "{AB3EA5CF-DF17-48FA-97DA-80EF20B278FA}"
EndProject
Project("{FAE04EC0-301F-11D3-BF4B-00C04F79EFBC}") = "Alfursan.Service", "Alfursan.Service\Alfursan.Service.csproj", "{34C4C286-E301-444A-B4F9-1EADDB3175DA}"
EndProject
Project("{FAE04EC0-301F-11D3-BF4B-00C04F79EFBC}") = "Alfursan.Web", "Alfursan.Web\Alfursan.Web.csproj", "{467B6CE2-E77C-4ACF-AA25-6F74F537CB9B}"
EndProject
Global
	GlobalSection(SolutionConfigurationPlatforms) = preSolution
		Debug|Any CPU = Debug|Any CPU
		Release|Any CPU = Release|Any CPU
	EndGlobalSection
	GlobalSection(ProjectConfigurationPlatforms) = postSolution
		{C31A5470-256F-4804-AC0C-718A6A58FDC5}.Debug|Any CPU.ActiveCfg = Debug|Any CPU
		{C31A5470-256F-4804-AC0C-718A6A58FDC5}.Debug|Any CPU.Build.0 = Debug|Any CPU
		{C31A5470-256F-4804-AC0C-718A6A58FDC5}.Release|Any CPU.ActiveCfg = Release|Any CPU
		{C31A5470-256F-4804-AC0C-718A6A58FDC5}.Release|Any CPU.Build.0 = Release|Any CPU
		{2F861CF7-A3E9-48F2-965D-E4DE30EC30BE}.Debug|Any CPU.ActiveCfg = Debug|Any CPU
		{2F861CF7-A3E9-48F2-965D-E4DE30EC30BE}.Debug|Any CPU.Build.0 = Debug|Any CPU
		{2F861CF7-A3E9-48F2-965D-E4DE30EC30BE}.Release|Any CPU.ActiveCfg = Release|Any CPU
		{2F861CF7-A3E9-48F2-965D-E4DE30EC30BE}.Release|Any CPU.Build.0 = Release|Any CPU
		{4E9341AF-FF94-4FD3-B967-1EFF9CD402AA}.Debug|Any CPU.ActiveCfg = Debug|Any CPU
		{4E9341AF-FF94-4FD3-B967-1EFF9CD402AA}.Debug|Any CPU.Build.0 = Debug|Any CPU
		{4E9341AF-FF94-4FD3-B967-1EFF9CD402AA}.Release|Any CPU.ActiveCfg = Release|Any CPU
		{4E9341AF-FF94-4FD3-B967-1EFF9CD402AA}.Release|Any CPU.Build.0 = Release|Any CPU
		{7B975A6D-E859-4010-95D8-D6CFC7199FFC}.Debug|Any CPU.ActiveCfg = Debug|Any CPU
		{7B975A6D-E859-4010-95D8-D6CFC7199FFC}.Debug|Any CPU.Build.0 = Debug|Any CPU
		{7B975A6D-E859-4010-95D8-D6CFC7199FFC}.Release|Any CPU.ActiveCfg = Release|Any CPU
		{7B975A6D-E859-4010-95D8-D6CFC7199FFC}.Release|Any CPU.Build.0 = Release|Any CPU
		{AB3EA5CF-DF17-48FA-97DA-80EF20B278FA}.Debug|Any CPU.ActiveCfg = Debug|Any CPU
		{AB3EA5CF-DF17-48FA-97DA-80EF20B278FA}.Debug|Any CPU.Build.0 = Debug|Any CPU
		{AB3EA5CF-DF17-48FA-97DA-80EF20B278FA}.Release|Any CPU.ActiveCfg = Release|Any CPU
		{AB3EA5CF-DF17-48FA-97DA-80EF20B278FA}.Release|Any CPU.Build.0 = Release|Any CPU
		{34C4C286-E301-444A-B4F9-1EADDB3175DA}.Debug|Any CPU.ActiveCfg = Debug|Any CPU
		{34C4C286-E301-444A-B4F9-1EADDB3175DA}.Debug|Any CPU.Build.0 = Debug|Any CPU
		{34C4C286-E301-444A-B4F9-1EADDB3175DA}.Release|Any CPU.ActiveCfg = Release|Any CPU
		{34C4C286-E301-444A-B4F9-1EADDB3175DA}.Release|Any CPU.Build.0 = Release|Any CPU
		{467B6CE2-E77C-4ACF-AA25-6F74F537CB9B}.Debug|Any CPU.ActiveCfg = Debug|Any CPU
		{467B6CE2-E77C-4ACF-AA25-6F74F537CB9B}.Debug|Any CPU.Build.0 = Debug|Any CPU
		{467B6CE2-E77C-4ACF-AA25-6F74F537CB9B}.Release|Any CPU.ActiveCfg = Release|Any CPU
		{467B6CE2-E77C-4ACF-AA25-6F74F537CB9B}.Release|Any CPU.Build.0 = Release|Any CPU
	EndGlobalSection
	GlobalSection(SolutionProperties) = preSolution
		HideSolutionNode = FALSE
	EndGlobalSection
EndGlobal
